
Microsoft Visual Studio Solution File, Format Version 12.00
Project("{2150E333-8FDC-42A3-9474-1A3956D46DE8}") = "FrontEnd", "FrontEnd", "{C2F1BB31-A3E2-4EA2-A96E-9309873EF4F5}"
EndProject
Project("{FAE04EC0-301F-11D3-BF4B-00C04F79EFBC}") = "Mango.Web", "Mango.Web\Mango.Web.csproj", "{62DDFBF4-3647-4A11-A4AE-AC8210E73F48}"
EndProject
Project("{2150E333-8FDC-42A3-9474-1A3956D46DE8}") = "Services", "Services", "{9474DC76-F6E8-4A1F-B1C9-32BD6CEEA0BE}"
EndProject
Project("{FAE04EC0-301F-11D3-BF4B-00C04F79EFBC}") = "Mango.Services.ProductAPI", "Mango.Services.ProductAPI\Mango.Services.ProductAPI.csproj", "{659F3770-6B07-4DA9-9832-7308B0CE59F1}"
EndProject
Project("{FAE04EC0-301F-11D3-BF4B-00C04F79EFBC}") = "Mango.Services.Identity", "Mango.Services.Identity\Mango.Services.Identity.csproj", "{068639FF-FC00-481E-B134-24B7971B9390}"
EndProject
Project("{FAE04EC0-301F-11D3-BF4B-00C04F79EFBC}") = "Mango.Services.ShoppingCartAPI", "Mango.Services.ShoppingCartAPI\Mango.Services.ShoppingCartAPI.csproj", "{D9DBD7EA-1C95-40A6-9F06-F33EA46B0451}"
EndProject
Project("{FAE04EC0-301F-11D3-BF4B-00C04F79EFBC}") = "Mango.Services.CouponAPI", "Mango.Services.CouponAPI\Mango.Services.CouponAPI.csproj", "{A2F988E5-DFAA-4817-925A-1A947A7410AA}"
EndProject
Project("{2150E333-8FDC-42A3-9474-1A3956D46DE8}") = "Integration", "Integration", "{F610840D-2DC3-4AFE-A9CC-3D17C63FC0D5}"
EndProject
Project("{FAE04EC0-301F-11D3-BF4B-00C04F79EFBC}") = "Mango.MessageBus", "Mango.MessageBus\Mango.MessageBus.csproj", "{0576F405-DF62-4F49-A02B-2D6702DD9328}"
EndProject
Global
	GlobalSection(SolutionConfigurationPlatforms) = preSolution
		Debug|Any CPU = Debug|Any CPU
		Release|Any CPU = Release|Any CPU
	EndGlobalSection
	GlobalSection(NestedProjects) = preSolution
		{62DDFBF4-3647-4A11-A4AE-AC8210E73F48} = {C2F1BB31-A3E2-4EA2-A96E-9309873EF4F5}
		{659F3770-6B07-4DA9-9832-7308B0CE59F1} = {9474DC76-F6E8-4A1F-B1C9-32BD6CEEA0BE}
		{068639FF-FC00-481E-B134-24B7971B9390} = {9474DC76-F6E8-4A1F-B1C9-32BD6CEEA0BE}
		{D9DBD7EA-1C95-40A6-9F06-F33EA46B0451} = {9474DC76-F6E8-4A1F-B1C9-32BD6CEEA0BE}
		{A2F988E5-DFAA-4817-925A-1A947A7410AA} = {9474DC76-F6E8-4A1F-B1C9-32BD6CEEA0BE}
		{0576F405-DF62-4F49-A02B-2D6702DD9328} = {F610840D-2DC3-4AFE-A9CC-3D17C63FC0D5}
	EndGlobalSection
	GlobalSection(ProjectConfigurationPlatforms) = postSolution
		{62DDFBF4-3647-4A11-A4AE-AC8210E73F48}.Debug|Any CPU.ActiveCfg = Debug|Any CPU
		{62DDFBF4-3647-4A11-A4AE-AC8210E73F48}.Debug|Any CPU.Build.0 = Debug|Any CPU
		{62DDFBF4-3647-4A11-A4AE-AC8210E73F48}.Release|Any CPU.ActiveCfg = Release|Any CPU
		{62DDFBF4-3647-4A11-A4AE-AC8210E73F48}.Release|Any CPU.Build.0 = Release|Any CPU
		{659F3770-6B07-4DA9-9832-7308B0CE59F1}.Debug|Any CPU.ActiveCfg = Debug|Any CPU
		{659F3770-6B07-4DA9-9832-7308B0CE59F1}.Debug|Any CPU.Build.0 = Debug|Any CPU
		{659F3770-6B07-4DA9-9832-7308B0CE59F1}.Release|Any CPU.ActiveCfg = Release|Any CPU
		{659F3770-6B07-4DA9-9832-7308B0CE59F1}.Release|Any CPU.Build.0 = Release|Any CPU
		{068639FF-FC00-481E-B134-24B7971B9390}.Debug|Any CPU.ActiveCfg = Debug|Any CPU
		{068639FF-FC00-481E-B134-24B7971B9390}.Debug|Any CPU.Build.0 = Debug|Any CPU
		{068639FF-FC00-481E-B134-24B7971B9390}.Release|Any CPU.ActiveCfg = Release|Any CPU
		{068639FF-FC00-481E-B134-24B7971B9390}.Release|Any CPU.Build.0 = Release|Any CPU
		{D9DBD7EA-1C95-40A6-9F06-F33EA46B0451}.Debug|Any CPU.ActiveCfg = Debug|Any CPU
		{D9DBD7EA-1C95-40A6-9F06-F33EA46B0451}.Debug|Any CPU.Build.0 = Debug|Any CPU
		{D9DBD7EA-1C95-40A6-9F06-F33EA46B0451}.Release|Any CPU.ActiveCfg = Release|Any CPU
		{D9DBD7EA-1C95-40A6-9F06-F33EA46B0451}.Release|Any CPU.Build.0 = Release|Any CPU
		{A2F988E5-DFAA-4817-925A-1A947A7410AA}.Debug|Any CPU.ActiveCfg = Debug|Any CPU
		{A2F988E5-DFAA-4817-925A-1A947A7410AA}.Debug|Any CPU.Build.0 = Debug|Any CPU
		{A2F988E5-DFAA-4817-925A-1A947A7410AA}.Release|Any CPU.ActiveCfg = Release|Any CPU
		{A2F988E5-DFAA-4817-925A-1A947A7410AA}.Release|Any CPU.Build.0 = Release|Any CPU
		{0576F405-DF62-4F49-A02B-2D6702DD9328}.Debug|Any CPU.ActiveCfg = Debug|Any CPU
		{0576F405-DF62-4F49-A02B-2D6702DD9328}.Debug|Any CPU.Build.0 = Debug|Any CPU
		{0576F405-DF62-4F49-A02B-2D6702DD9328}.Release|Any CPU.ActiveCfg = Release|Any CPU
		{0576F405-DF62-4F49-A02B-2D6702DD9328}.Release|Any CPU.Build.0 = Release|Any CPU
	EndGlobalSection
EndGlobal
